
Microsoft Visual Studio Solution File, Format Version 12.00
# Visual Studio Version 17
VisualStudioVersion = 17.14.36518.9 d17.14
MinimumVisualStudioVersion = 10.0.40219.1
Project("{FAE04EC0-301F-11D3-BF4B-00C04F79EFBC}") = "DeviceManagementAPI", "DeviceManagementAPI\DeviceManagementAPI.csproj", "{E2FA31CC-3B8E-4F30-9689-513C5F0AD593}"
EndProject
Global
	GlobalSection(SolutionConfigurationPlatforms) = preSolution
		Debug|Any CPU = Debug|Any CPU
		Release|Any CPU = Release|Any CPU
	EndGlobalSection
	GlobalSection(ProjectConfigurationPlatforms) = postSolution
		{E2FA31CC-3B8E-4F30-9689-513C5F0AD593}.Debug|Any CPU.ActiveCfg = Debug|Any CPU
		{E2FA31CC-3B8E-4F30-9689-513C5F0AD593}.Debug|Any CPU.Build.0 = Debug|Any CPU
		{E2FA31CC-3B8E-4F30-9689-513C5F0AD593}.Release|Any CPU.ActiveCfg = Release|Any CPU
		{E2FA31CC-3B8E-4F30-9689-513C5F0AD593}.Release|Any CPU.Build.0 = Release|Any CPU
	EndGlobalSection
	GlobalSection(SolutionProperties) = preSolution
		HideSolutionNode = FALSE
	EndGlobalSection
	GlobalSection(ExtensibilityGlobals) = postSolution
		SolutionGuid = {2D58FA8D-D1FF-47A9-9588-547C86AFBC06}
	EndGlobalSection
EndGlobal
